# This file is generated by running "yarn install" inside your project.
# Manual changes might be lost - proceed with caution!

__metadata:
  version: 10
  cacheKey: 10

"@microfeed/personal-theme@workspace:.":
  version: 0.0.0-use.local
  resolution: "@microfeed/personal-theme@workspace:."
  dependencies:
    "@microfeed/theme-kit": "npm:^1.0.0"
  languageName: unknown
  linkType: soft

"@microfeed/theme-kit@npm:^1.0.0":
  version: 1.0.4
  resolution: "@microfeed/theme-kit@npm:1.0.4"
  dependencies:
    fast-xml-validator: "npm:^1.4.1"
    mustache: "npm:^4.2.0"
    parse5: "npm:^7.3.0"
    semver: "npm:^7.8.5"
    zod: "npm:^4.4.3"
  bin:
    microfeed-theme: ./dist/cli.js
    theme-kit: ./dist/cli.js
  checksum: 10/212e262c0c3866bf88d842022d9d37c9131dcc90220065f5c77e8934791eb521675b60bbbcceaaac17f9443fa6314d83f0172b92bbc0cf32e97b89ca67ea0132
  languageName: node
  linkType: hard

"@nodable/base-output-builder@npm:^2.0.0":
  version: 2.0.0
  resolution: "@nodable/base-output-builder@npm:2.0.0"
  dependencies:
    "@nodable/entities": "npm:^2.2.0"
    is-unsafe: "npm:^1.0.1"
    path-expression-matcher: "npm:^1.6.1"
    strnum: "npm:^2.4.1"
  checksum: 10/e7b78621a9b15bbc6dd1dff35454dcadb0c568074760ccf5787b6236bed114503ba5c98779ac3e9ddd6362e892d9a751cb55e0e708740aff97195989598d0a59
  languageName: node
  linkType: hard

"@nodable/compact-builder@npm:^2.0.0":
  version: 2.0.0
  resolution: "@nodable/compact-builder@npm:2.0.0"
  dependencies:
    "@nodable/base-output-builder": "npm:^2.0.0"
    path-expression-matcher: "npm:^1.6.1"
  checksum: 10/047be27441dc6ba50158e83e8abc2a5e791569b94216218225440ca4448fbe7ff43b9351905dd87069a5f0c30cbd1ba7a7494701d8da9b55640974a4f4c545c3
  languageName: node
  linkType: hard

"@nodable/entities@npm:^2.2.0":
  version: 2.2.0
  resolution: "@nodable/entities@npm:2.2.0"
  checksum: 10/7f44743adb5947ea6e0c276fecc927eb47ff1a6526256aeb03098d98086c906b2ab98663330c049a55758644b1fd23478222cbc8d4f773ac737c979ff2c1c769
  languageName: node
  linkType: hard

"@nodable/flexible-xml-parser@npm:^1.11.2":
  version: 1.11.2
  resolution: "@nodable/flexible-xml-parser@npm:1.11.2"
  dependencies:
    "@nodable/base-output-builder": "npm:^2.0.0"
    "@nodable/compact-builder": "npm:^2.0.0"
    path-expression-matcher: "npm:^1.6.2"
    xml-naming: "npm:^0.3.0"
  checksum: 10/d5daf69c426d771cfe3b3226ab63bcb74e598c1332d77f55accaa8378715084f0f6900c042c587770676cdc2366b93a8dae3e23d1698406bd517ef56e0b310e2
  languageName: node
  linkType: hard

"anynum@npm:^1.0.1":
  version: 1.0.1
  resolution: "anynum@npm:1.0.1"
  checksum: 10/096acef76cc8b9f34d43ec37ae9ba7a3d4e2e8c722a0dd59a78995248a8eb4021713ee91b55de106366ac4eaa47578ceb0fffe9829ef01d78b20f9fd6d412a88
  languageName: node
  linkType: hard

"detailed-xml-validator@npm:^2.2.0":
  version: 2.2.0
  resolution: "detailed-xml-validator@npm:2.2.0"
  dependencies:
    "@nodable/base-output-builder": "npm:^2.0.0"
    "@nodable/compact-builder": "npm:^2.0.0"
    "@nodable/flexible-xml-parser": "npm:^1.11.2"
  checksum: 10/c558a402857805f661cf5eb5b7631696a72992f4c490bd1f610f846913bb7b80a292a50541c3cb59a58b93b19f68db119787dba648bda5e51bbe984ef0da1ae2
  languageName: node
  linkType: hard

"entities@npm:^6.0.0":
  version: 6.0.1
  resolution: "entities@npm:6.0.1"
  checksum: 10/62af1307202884349d2867f0aac5c60d8b57102ea0b0e768b16246099512c28e239254ad772d6834e7e14cb1b6f153fc3d0c031934e3183b086c86d3838d874a
  languageName: node
  linkType: hard

"fast-xml-validator@npm:^1.4.1":
  version: 1.4.1
  resolution: "fast-xml-validator@npm:1.4.1"
  dependencies:
    detailed-xml-validator: "npm:^2.2.0"
    path-expression-matcher: "npm:^1.6.2"
    xml-naming: "npm:^0.3.0"
  checksum: 10/d7c1258a17a0344e0ff4d98694005331a6ed2afc4172cb2482ddb7f9e89b32081ed853bd3600ea5887a1745bc7903cf2961d15f77831c561cc830b47f27e81ae
  languageName: node
  linkType: hard

"is-unsafe@npm:^1.0.1":
  version: 1.0.1
  resolution: "is-unsafe@npm:1.0.1"
  checksum: 10/971d05c69a742f866e4f257e4008ee3a9fb84ebf81141352211698416e1cf52aa03bcda54e3a5c2f25547f4b4cbb6d9e02c048a4daef5e7baea51f33089ddc9e
  languageName: node
  linkType: hard

"mustache@npm:^4.2.0":
  version: 4.2.0
  resolution: "mustache@npm:4.2.0"
  bin:
    mustache: bin/mustache
  checksum: 10/6e668bd5803255ab0779c3983b9412b5c4f4f90e822230e0e8f414f5449ed7a137eed29430e835aa689886f663385cfe05f808eb34b16e1f3a95525889b05cd3
  languageName: node
  linkType: hard

"parse5@npm:^7.3.0":
  version: 7.3.0
  resolution: "parse5@npm:7.3.0"
  dependencies:
    entities: "npm:^6.0.0"
  checksum: 10/b0e48be20b820c655b138b86fa6fb3a790de6c891aa2aba536524f8027b4dca4fe538f11a0e5cf2f6f847d120dbb9e4822dcaeb933ff1e10850a2ef0154d1d88
  languageName: node
  linkType: hard

"path-expression-matcher@npm:^1.6.1, path-expression-matcher@npm:^1.6.2":
  version: 1.6.2
  resolution: "path-expression-matcher@npm:1.6.2"
  checksum: 10/d7786b170933dd82ed897144daed7d54dbe2e7b7d8684182ee9bf51a966cc92548788e2f49280922202a0186409008d816aefa37ed4650e4038184181a73c4bd
  languageName: node
  linkType: hard

"semver@npm:^7.8.5":
  version: 7.8.5
  resolution: "semver@npm:7.8.5"
  bin:
    semver: bin/semver.js
  checksum: 10/9b01d2ff11e6e4a4539b7ca3c5f280c8704cb397a28504469f2ed4f00ad2194748d756647362a9712fff30984d15772ab7f083108c2fb508e2096ae9e708f22c
  languageName: node
  linkType: hard

"strnum@npm:^2.4.1":
  version: 2.4.1
  resolution: "strnum@npm:2.4.1"
  dependencies:
    anynum: "npm:^1.0.1"
  checksum: 10/f0f6d0998608a1ed012ebb07471fbf63b90745ab06d5502fdc87870b57a20f40bc1d0c0a03caa17a3ccb11c3a78a30b3a21ad7728331d03e214b01ce0a70d433
  languageName: node
  linkType: hard

"xml-naming@npm:^0.3.0":
  version: 0.3.0
  resolution: "xml-naming@npm:0.3.0"
  checksum: 10/1a09c3f14747bf243d4bbcfdb9917c40e9cbb4b6464f2b9fe6927976770dfa38eedfe94190b5b6db470f22429fd4bda688b1831ca36a769a6745ccb9bb595150
  languageName: node
  linkType: hard

"zod@npm:^4.4.3":
  version: 4.4.3
  resolution: "zod@npm:4.4.3"
  checksum: 10/804b9a42aa8f35f2b3c5a8dff906291cb749115f83ee2afe3576d70b5b5c53c965365c7f4967690647a9c54af9838ff232a85ff9577a0a36c44b68bc6cdefe36
  languageName: node
  linkType: hard
